{
    "version": 3,
    "terraform_version": "0.11.8",
    "serial": 6,
    "lineage": "7c4e8e4b-2c47-d91b-9407-cd699276f8cf",
    "modules": [
        {
            "path": [
                "root"
            ],
            "outputs": {},
            "resources": {
                "aws_internet_gateway.default": {
                    "type": "aws_internet_gateway",
                    "depends_on": [
                        "aws_vpc.main"
                    ],
                    "primary": {
                        "id": "igw-00dd808bdb2411e61",
                        "attributes": {
                            "id": "igw-00dd808bdb2411e61",
                            "vpc_id": "vpc-01224ce1702939257"
                        },
                        "meta": {},
                        "tainted": false
                    },
                    "deposed": [],
                    "provider": "provider.aws"
                },
                "aws_vpc.main": {
                    "type": "aws_vpc",
                    "depends_on": [],
                    "primary": {
                        "id": "vpc-01224ce1702939257",
                        "attributes": {
                            "arn": "arn:aws:ec2:us-west-2:491947547358:vpc/vpc-01224ce1702939257",
                            "assign_generated_ipv6_cidr_block": "false",
                            "cidr_block": "10.0.0.0/16",
                            "default_network_acl_id": "acl-0dc794d84923c1685",
                            "default_route_table_id": "rtb-0ac165b40761a5655",
                            "default_security_group_id": "sg-0e39534ba87084ef3",
                            "dhcp_options_id": "dopt-9661ebf0",
                            "enable_classiclink": "false",
                            "enable_classiclink_dns_support": "false",
                            "enable_dns_hostnames": "false",
                            "enable_dns_support": "true",
                            "id": "vpc-01224ce1702939257",
                            "instance_tenancy": "default",
                            "main_route_table_id": "rtb-0ac165b40761a5655",
                            "tags.%": "2",
                            "tags.Environment": "dev",
                            "tags.Name": "network"
                        },
                        "meta": {
                            "schema_version": "1"
                        },
                        "tainted": false
                    },
                    "deposed": [],
                    "provider": "provider.aws"
                }
            },
            "depends_on": []
        }
    ]
}
